
Microsoft Visual Studio Solution File, Format Version 12.00
# Visual Studio Version 16
VisualStudioVersion = 16.0.29911.84
MinimumVisualStudioVersion = 10.0.40219.1
Project("{FAE04EC0-301F-11D3-BF4B-00C04F79EFBC}") = "APBD_3", "APBD_3\APBD_3.csproj", "{34154006-33A4-4398-890E-875A752B05AA}"
EndProject
Global
	GlobalSection(SolutionConfigurationPlatforms) = preSolution
		Debug|Any CPU = Debug|Any CPU
		Release|Any CPU = Release|Any CPU
	EndGlobalSection
	GlobalSection(ProjectConfigurationPlatforms) = postSolution
		{34154006-33A4-4398-890E-875A752B05AA}.Debug|Any CPU.ActiveCfg = Debug|Any CPU
		{34154006-33A4-4398-890E-875A752B05AA}.Debug|Any CPU.Build.0 = Debug|Any CPU
		{34154006-33A4-4398-890E-875A752B05AA}.Release|Any CPU.ActiveCfg = Release|Any CPU
		{34154006-33A4-4398-890E-875A752B05AA}.Release|Any CPU.Build.0 = Release|Any CPU
	EndGlobalSection
	GlobalSection(SolutionProperties) = preSolution
		HideSolutionNode = FALSE
	EndGlobalSection
	GlobalSection(ExtensibilityGlobals) = postSolution
		SolutionGuid = {07539AF5-C3AE-4BA8-8AA8-6136F2F8A6E6}
	EndGlobalSection
EndGlobal
